version = 1
revision = 3
requires-python = ">=3.15.0"

[options]
prerelease-mode = "allow"

[[package]]
name = "aiohappyeyeballs"
version = "2.6.1"
source = { registry = "https://pypi.org/simple" }
sdist = { url = "https://files.pythonhosted.org/packages/26/30/f84a107a9c4331c14b2b586036f40965c128aa4fee4dda5d3d51cb14ad54/aiohappyeyeballs-2.6.1.tar.gz", hash = "sha256:c3f9d0113123803ccadfdf3f0faa505bc78e6a72d1cc4806cbd719826e943558", size = 22760, upload-time = "2025-03-12T01:42:48.764Z" }
wheels = [
    { url = "https://files.pythonhosted.org/packages/0f/15/5bf3b99495fb160b63f95972b81750f18f7f4e02ad051373b669d17d44f2/aiohappyeyeballs-2.6.1-py3-none-any.whl", hash = "sha256:f349ba8f4b75cb25c99c5c2d84e997e485204d2902a9597802b0371f09331fb8", size = 15265, upload-time = "2025-03-12T01:42:47.083Z" },
]

[[package]]
name = "aiohttp"
version = "3.13.5"
source = { registry = "https://pypi.org/simple" }
dependencies = [
    { name = "aiohappyeyeballs" },
    { name = "aiosignal" },
    { name = "attrs" },
    { name = "frozenlist" },
    { name = "multidict" },
    { name = "propcache" },
    { name = "yarl" },
]
sdist = { url = "https://files.pythonhosted.org/packages/77/9a/152096d4808df8e4268befa55fba462f440f14beab85e8ad9bf990516918/aiohttp-3.13.5.tar.gz", hash = "sha256:9d98cc980ecc96be6eb4c1994ce35d28d8b1f5e5208a23b421187d1209dbb7d1", size = 7858271, upload-time = "2026-03-31T22:01:03.343Z" }

[[package]]
name = "aiosignal"
version = "1.4.0"
source = { registry = "https://pypi.org/simple" }
dependencies = [
    { name = "frozenlist" },
]
sdist = { url = "https://files.pythonhosted.org/packages/61/62/06741b579156360248d1ec624842ad0edf697050bbaf7c3e46394e106ad1/aiosignal-1.4.0.tar.gz", hash = "sha256:f47eecd9468083c2029cc99945502cb7708b082c232f9aca65da147157b251c7", size = 25007, upload-time = "2025-07-03T22:54:43.528Z" }
wheels = [
    { url = "https://files.pythonhosted.org/packages/fb/76/641ae371508676492379f16e2fa48f4e2c11741bd63c48be4b12a6b09cba/aiosignal-1.4.0-py3-none-any.whl", hash = "sha256:053243f8b92b990551949e63930a839ff0cf0b0ebbe0597b0f3fb19e1a0fe82e", size = 7490, upload-time = "2025-07-03T22:54:42.156Z" },
]

[[package]]
name = "attrs"
version = "26.1.0"
source = { registry = "https://pypi.org/simple" }
sdist = { url = "https://files.pythonhosted.org/packages/9a/8e/82a0fe20a541c03148528be8cac2408564a6c9a0cc7e9171802bc1d26985/attrs-26.1.0.tar.gz", hash = "sha256:d03ceb89cb322a8fd706d4fb91940737b6642aa36998fe130a9bc96c985eff32", size = 952055, upload-time = "2026-03-19T14:22:25.026Z" }
wheels = [
    { url = "https://files.pythonhosted.org/packages/64/b4/17d4b0b2a2dc85a6df63d1157e028ed19f90d4cd97c36717afef2bc2f395/attrs-26.1.0-py3-none-any.whl", hash = "sha256:c647aa4a12dfbad9333ca4e71fe62ddc36f4e63b2d260a37a8b83d2f043ac309", size = 67548, upload-time = "2026-03-19T14:22:23.645Z" },
]

[[package]]
name = "certifi"
version = "2026.4.22"
source = { registry = "https://pypi.org/simple" }
sdist = { url = "https://files.pythonhosted.org/packages/25/ee/6caf7a40c36a1220410afe15a1cc64993a1f864871f698c0f93acb72842a/certifi-2026.4.22.tar.gz", hash = "sha256:8d455352a37b71bf76a79caa83a3d6c25afee4a385d632127b6afb3963f1c580", size = 137077, upload-time = "2026-04-22T11:26:11.191Z" }
wheels = [
    { url = "https://files.pythonhosted.org/packages/22/30/7cd8fdcdfbc5b869528b079bfb76dcdf6056b1a2097a662e5e8c04f42965/certifi-2026.4.22-py3-none-any.whl", hash = "sha256:3cb2210c8f88ba2318d29b0388d1023c8492ff72ecdde4ebdaddbb13a31b1c4a", size = 135707, upload-time = "2026-04-22T11:26:09.372Z" },
]

[[package]]
name = "frozenlist"
version = "1.8.0"
source = { registry = "https://pypi.org/simple" }
sdist = { url = "https://files.pythonhosted.org/packages/2d/f5/c831fac6cc817d26fd54c7eaccd04ef7e0288806943f7cc5bbf69f3ac1f0/frozenlist-1.8.0.tar.gz", hash = "sha256:3ede829ed8d842f6cd48fc7081d7a41001a56f1f38603f9d49bf3020d59a31ad", size = 45875, upload-time = "2025-10-06T05:38:17.865Z" }
wheels = [
    { url = "https://files.pythonhosted.org/packages/9a/9a/e35b4a917281c0b8419d4207f4334c8e8c5dbf4f3f5f9ada73958d937dcc/frozenlist-1.8.0-py3-none-any.whl", hash = "sha256:0c18a16eab41e82c295618a77502e17b195883241c563b00f0aa5106fc4eaa0d", size = 13409, upload-time = "2025-10-06T05:38:16.721Z" },
]

[[package]]
name = "httpx"
version = "1.0.dev3"
source = { registry = "https://pypi.org/simple" }
dependencies = [
    { name = "certifi" },
]
sdist = { url = "https://files.pythonhosted.org/packages/25/40/b6f25020eeafd822fc473394a5db45a5964a64c88788eb5dc49ffabb64e7/httpx-1.0.dev3.tar.gz", hash = "sha256:e95700e4f9cf6430295f4c195f9cb0ca0549bab4294927f8002bf196851d40db", size = 761377, upload-time = "2025-09-15T16:15:12.087Z" }
wheels = [
    { url = "https://files.pythonhosted.org/packages/97/8d/ff4f018c9a813994e28fabb998f8d76542fc2b46c1210d4c1b2c615eea7f/httpx-1.0.dev3-py3-none-any.whl", hash = "sha256:80b33db1bc8e1fac2a15f419839e324d472d528822608ea6b7a93fed2011722d", size = 34319, upload-time = "2025-09-15T16:15:10.458Z" },
]

[[package]]
name = "idna"
version = "3.13"
source = { registry = "https://pypi.org/simple" }
sdist = { url = "https://files.pythonhosted.org/packages/ce/cc/762dfb036166873f0059f3b7de4565e1b5bc3d6f28a414c13da27e442f99/idna-3.13.tar.gz", hash = "sha256:585ea8fe5d69b9181ec1afba340451fba6ba764af97026f92a91d4eef164a242", size = 194210, upload-time = "2026-04-22T16:42:42.314Z" }
wheels = [
    { url = "https://files.pythonhosted.org/packages/5d/13/ad7d7ca3808a898b4612b6fe93cde56b53f3034dcde235acb1f0e1df24c6/idna-3.13-py3-none-any.whl", hash = "sha256:892ea0cde124a99ce773decba204c5552b69c3c67ffd5f232eb7696135bc8bb3", size = 68629, upload-time = "2026-04-22T16:42:40.909Z" },
]

[[package]]
name = "multidict"
version = "6.7.1"
source = { registry = "https://pypi.org/simple" }
sdist = { url = "https://files.pythonhosted.org/packages/1a/c2/c2d94cbe6ac1753f3fc980da97b3d930efe1da3af3c9f5125354436c073d/multidict-6.7.1.tar.gz", hash = "sha256:ec6652a1bee61c53a3e5776b6049172c53b6aaba34f18c9ad04f82712bac623d", size = 102010, upload-time = "2026-01-26T02:46:45.979Z" }
wheels = [
    { url = "https://files.pythonhosted.org/packages/81/08/7036c080d7117f28a4af526d794aab6a84463126db031b007717c1a6676e/multidict-6.7.1-py3-none-any.whl", hash = "sha256:55d97cc6dae627efa6a6e548885712d4864b81110ac76fa4e534c03819fa4a56", size = 12319, upload-time = "2026-01-26T02:46:44.004Z" },
]

[[package]]
name = "numpy"
version = "2.4.4"
source = { registry = "https://pypi.org/simple" }
sdist = { url = "https://files.pythonhosted.org/packages/d7/9f/b8cef5bffa569759033adda9481211426f12f53299629b410340795c2514/numpy-2.4.4.tar.gz", hash = "sha256:2d390634c5182175533585cc89f3608a4682ccb173cc9bb940b2881c8d6f8fa0", size = 20731587, upload-time = "2026-03-29T13:22:01.298Z" }

[[package]]
name = "propcache"
version = "0.4.1"
source = { registry = "https://pypi.org/simple" }
sdist = { url = "https://files.pythonhosted.org/packages/9e/da/e9fc233cf63743258bff22b3dfa7ea5baef7b5bc324af47a0ad89b8ffc6f/propcache-0.4.1.tar.gz", hash = "sha256:f48107a8c637e80362555f37ecf49abe20370e557cc4ab374f04ec4423c97c3d", size = 46442, upload-time = "2025-10-08T19:49:02.291Z" }
wheels = [
    { url = "https://files.pythonhosted.org/packages/5b/5a/bc7b4a4ef808fa59a816c17b20c4bef6884daebbdf627ff2a161da67da19/propcache-0.4.1-py3-none-any.whl", hash = "sha256:af2a6052aeb6cf17d3e46ee169099044fd8224cbaf75c76a2ef596e8163e2237", size = 13305, upload-time = "2025-10-08T19:49:00.792Z" },
]

[[package]]
name = "pyru-scraper"
version = "1.0.0"
source = { editable = "." }

[package.dev-dependencies]
benchmarks = [
    { name = "aiohttp" },
    { name = "httpx" },
    { name = "numpy" },
    { name = "selectolax" },
]
dev = [
    { name = "ruff" },
]

[package.metadata]

[package.metadata.requires-dev]
benchmarks = [
    { name = "aiohttp", specifier = ">=3.11" },
    { name = "httpx", specifier = ">=0.28" },
    { name = "numpy", specifier = ">=2.0" },
    { name = "selectolax", specifier = ">=0.3.25" },
]
dev = [{ name = "ruff", specifier = ">=0.8" }]

[[package]]
name = "ruff"
version = "0.15.12"
source = { registry = "https://pypi.org/simple" }
sdist = { url = "https://files.pythonhosted.org/packages/99/43/3291f1cc9106f4c63bdce7a8d0df5047fe8422a75b091c16b5e9355e0b11/ruff-0.15.12.tar.gz", hash = "sha256:ecea26adb26b4232c0c2ca19ccbc0083a68344180bba2a600605538ce51a40a6", size = 4643852, upload-time = "2026-04-24T18:17:14.305Z" }
wheels = [
    { url = "https://files.pythonhosted.org/packages/c3/6e/e78ffb61d4686f3d96ba3df2c801161843746dcbcbb17a1e927d4829312b/ruff-0.15.12-py3-none-linux_armv6l.whl", hash = "sha256:f86f176e188e94d6bdbc09f09bfd9dc729059ad93d0e7390b5a73efe19f8861c", size = 10640713, upload-time = "2026-04-24T18:17:22.841Z" },
    { url = "https://files.pythonhosted.org/packages/ae/08/a317bc231fb9e7b93e4ef3089501e51922ff88d6936ce5cf870c4fe55419/ruff-0.15.12-py3-none-macosx_10_12_x86_64.whl", hash = "sha256:e3bcd123364c3770b8e1b7baaf343cc99a35f197c5c6e8af79015c666c423a6c", size = 11069267, upload-time = "2026-04-24T18:17:30.105Z" },
    { url = "https://files.pythonhosted.org/packages/aa/a4/f828e9718d3dce1f5f11c39c4f65afd32783c8b2aebb2e3d259e492c47bd/ruff-0.15.12-py3-none-macosx_11_0_arm64.whl", hash = "sha256:fe87510d000220aa1ed530d4448a7c696a0cae1213e5ec30e5874287b66557b5", size = 10397182, upload-time = "2026-04-24T18:17:07.177Z" },
    { url = "https://files.pythonhosted.org/packages/71/e0/3310fc6d1b5e1fdea22bf3b1b807c7e187b581021b0d7d4514cccdb5fb71/ruff-0.15.12-py3-none-manylinux_2_17_aarch64.manylinux2014_aarch64.whl", hash = "sha256:84a1630093121375a3e2a95b4a6dc7b59e2b4ee76216e32d81aae550a832d002", size = 10758012, upload-time = "2026-04-24T18:16:55.759Z" },
    { url = "https://files.pythonhosted.org/packages/11/c1/a606911aee04c324ddaa883ae418f3569792fd3c4a10c50e0dd0a2311e1e/ruff-0.15.12-py3-none-manylinux_2_17_armv7l.manylinux2014_armv7l.whl", hash = "sha256:fb129f40f114f089ebe0ca56c0d251cf2061b17651d464bb6478dc01e69f11f5", size = 10447479, upload-time = "2026-04-24T18:16:51.677Z" },
    { url = "https://files.pythonhosted.org/packages/9d/68/4201e8444f0894f21ab4aeeaee68aa4f10b51613514a20d80bd628d57e88/ruff-0.15.12-py3-none-manylinux_2_17_i686.manylinux2014_i686.whl", hash = "sha256:b0c862b172d695db7598426b8af465e7e9ac00a3ea2a3630ee67eb82e366aaa6", size = 11234040, upload-time = "2026-04-24T18:17:16.529Z" },
    { url = "https://files.pythonhosted.org/packages/34/ff/8a6d6cf4ccc23fd67060874e832c18919d1557a0611ebef03fdb01fff11e/ruff-0.15.12-py3-none-manylinux_2_17_ppc64le.manylinux2014_ppc64le.whl", hash = "sha256:2849ea9f3484c3aca43a82f484210370319e7170df4dfe4843395ddf6c57bc33", size = 12087377, upload-time = "2026-04-24T18:17:04.944Z" },
    { url = "https://files.pythonhosted.org/packages/85/f6/c669cf73f5152f623d34e69866a46d5e6185816b19fcd5b6dd8a2d299922/ruff-0.15.12-py3-none-manylinux_2_17_s390x.manylinux2014_s390x.whl", hash = "sha256:9e77c7e51c07fe396826d5969a5b846d9cd4c402535835fb6e21ce8b28fef847", size = 11367784, upload-time = "2026-04-24T18:17:25.409Z" },
    { url = "https://files.pythonhosted.org/packages/e8/39/c61d193b8a1daaa8977f7dea9e8d8ba866e02ea7b65d32f6861693aa4c12/ruff-0.15.12-py3-none-manylinux_2_17_x86_64.manylinux2014_x86_64.whl", hash = "sha256:83b2f4f2f3b1026b5fb449b467d9264bf22067b600f7b6f41fc5958909f449d0", size = 11344088, upload-time = "2026-04-24T18:17:12.258Z" },
    { url = "https://files.pythonhosted.org/packages/c2/8d/49afab3645e31e12c590acb6d3b5b69d7aab5b81926dbaf7461f9441f37a/ruff-0.15.12-py3-none-manylinux_2_31_riscv64.whl", hash = "sha256:9ba3b8f1afd7e2e43d8943e55f249e13f9682fde09711644a6e7290eb4f3e339", size = 11271770, upload-time = "2026-04-24T18:17:02.457Z" },
    { url = "https://files.pythonhosted.org/packages/46/06/33f41fe94403e2b755481cdfb9b7ef3e4e0ed031c4581124658d935d52b4/ruff-0.15.12-py3-none-musllinux_1_2_aarch64.whl", hash = "sha256:e852ba9fdc890655e1d78f2df1499efbe0e54126bd405362154a75e2bde159c5", size = 10719355, upload-time = "2026-04-24T18:17:27.648Z" },
    { url = "https://files.pythonhosted.org/packages/0d/59/18aa4e014debbf559670e4048e39260a85c7fcee84acfd761ac01e7b8d35/ruff-0.15.12-py3-none-musllinux_1_2_armv7l.whl", hash = "sha256:dd8aed930da53780d22fc70bdf84452c843cf64f8cb4eb38984319c24c5cd5fd", size = 10462758, upload-time = "2026-04-24T18:17:32.347Z" },
    { url = "https://files.pythonhosted.org/packages/25/e7/cc9f16fd0f3b5fddcbd7ec3d6ae30c8f3fde1047f32a4093a98d633c6570/ruff-0.15.12-py3-none-musllinux_1_2_i686.whl", hash = "sha256:01da3988d225628b709493d7dc67c3b9b12c0210016b08690ef9bd27970b262b", size = 10953498, upload-time = "2026-04-24T18:17:20.674Z" },
    { url = "https://files.pythonhosted.org/packages/72/7a/a9ba7f98c7a575978698f4230c5e8cc54bbc761af34f560818f933dafa0c/ruff-0.15.12-py3-none-musllinux_1_2_x86_64.whl", hash = "sha256:9cae0f92bd5700d1213188b31cd3bdd2b315361296d10b96b8e2337d3d11f53e", size = 11447765, upload-time = "2026-04-24T18:17:09.755Z" },
    { url = "https://files.pythonhosted.org/packages/ea/f9/0ae446942c846b8266059ad8a30702a35afae55f5cdc54c5adf8d7afdc27/ruff-0.15.12-py3-none-win32.whl", hash = "sha256:d0185894e038d7043ba8fd6aee7499ece6462dc0ea9f1e260c7451807c714c20", size = 10657277, upload-time = "2026-04-24T18:17:18.591Z" },
    { url = "https://files.pythonhosted.org/packages/33/f1/9614e03e1cdcbf9437570b5400ced8a720b5db22b28d8e0f1bda429f660d/ruff-0.15.12-py3-none-win_amd64.whl", hash = "sha256:c87a162d61ab3adca47c03f7f717c68672edec7d1b5499e652331780fe74950d", size = 11837758, upload-time = "2026-04-24T18:17:00.113Z" },
    { url = "https://files.pythonhosted.org/packages/c0/98/6beb4b351e472e5f4c4613f7c35a5290b8be2497e183825310c4c3a3984b/ruff-0.15.12-py3-none-win_arm64.whl", hash = "sha256:a538f7a82d061cee7be55542aca1d86d1393d55d81d4fcc314370f4340930d4f", size = 11120821, upload-time = "2026-04-24T18:16:57.979Z" },
]

[[package]]
name = "selectolax"
version = "0.4.8"
source = { registry = "https://pypi.org/simple" }
sdist = { url = "https://files.pythonhosted.org/packages/b3/1a/ce7768c1bff5cf07e3e12f904d54a63c3f85f78e3b299c0b561839d0238e/selectolax-0.4.8.tar.gz", hash = "sha256:cd703165b9a346be255e2ca5b4219e01009911977ac8a474d8ccb7e32e9a4fae", size = 4875521, upload-time = "2026-05-04T15:10:44.935Z" }

[[package]]
name = "yarl"
version = "1.23.0"
source = { registry = "https://pypi.org/simple" }
dependencies = [
    { name = "idna" },
    { name = "multidict" },
    { name = "propcache" },
]
sdist = { url = "https://files.pythonhosted.org/packages/23/6e/beb1beec874a72f23815c1434518bfc4ed2175065173fb138c3705f658d4/yarl-1.23.0.tar.gz", hash = "sha256:53b1ea6ca88ebd4420379c330aea57e258408dd0df9af0992e5de2078dc9f5d5", size = 194676, upload-time = "2026-03-01T22:07:53.373Z" }
wheels = [
    { url = "https://files.pythonhosted.org/packages/69/68/c8739671f5699c7dc470580a4f821ef37c32c4cb0b047ce223a7f115757f/yarl-1.23.0-py3-none-any.whl", hash = "sha256:a2df6afe50dea8ae15fa34c9f824a3ee958d785fd5d089063d960bae1daa0a3f", size = 48288, upload-time = "2026-03-01T22:07:51.388Z" },
]
